<?xml version="1.0" encoding="utf-8"?>
<Project ToolsVersion="4.0" xmlns="http://schemas.microsoft.com/developer/msbuild/2003">
  <ItemGroup>
    <ClCompile Include="core\render\render_effect.cpp">
      <Filter>02 render</Filter>
    </ClCompile>
    <ClCompile Include="core\render\render_engine.cpp">
      <Filter>02 render</Filter>
    </ClCompile>
    <ClCompile Include="core\render\render_layout.cpp">
      <Filter>02 render</Filter>
    </ClCompile>
    <ClCompile Include="core\render\render_state.cpp">
      <Filter>02 render</Filter>
    </ClCompile>
    <ClCompile Include="core\render\render_view.cpp">
      <Filter>02 render</Filter>
    </ClCompile>
    <ClCompile Include="core\render\renderable.cpp">
      <Filter>02 render</Filter>
    </ClCompile>
    <ClCompile Include="core\base\context.cpp">
      <Filter>99 frame</Filter>
    </ClCompile>
    <ClCompile Include="core\base\framework.cpp">
      <Filter>99 frame</Filter>
    </ClCompile>
    <ClCompile Include="core\render\mapping.cpp">
      <Filter>01 base</Filter>
    </ClCompile>
    <ClCompile Include="core\base\math.cpp">
      <Filter>01 base</Filter>
    </ClCompile>
    <ClCompile Include="core\base\window.cpp">
      <Filter>99 frame</Filter>
    </ClCompile>
    <ClCompile Include="external\include\tinyXML\tinyxmlparser.cpp">
      <Filter>70 tingyxml</Filter>
    </ClCompile>
    <ClCompile Include="external\include\tinyXML\tinystr.cpp">
      <Filter>70 tingyxml</Filter>
    </ClCompile>
    <ClCompile Include="external\include\tinyXML\tinyxml.cpp">
      <Filter>70 tingyxml</Filter>
    </ClCompile>
    <ClCompile Include="external\include\tinyXML\tinyxmlerror.cpp">
      <Filter>70 tingyxml</Filter>
    </ClCompile>
    <ClCompile Include="core\render\graphics_buffer.cpp">
      <Filter>03 buffer</Filter>
    </ClCompile>
    <ClCompile Include="core\render\frame_buffer.cpp">
      <Filter>03 buffer</Filter>
    </ClCompile>
    <ClCompile Include="core\scene\scene_manager.cpp">
      <Filter>04 scene</Filter>
    </ClCompile>
    <ClCompile Include="core\scene\scene_object.cpp">
      <Filter>04 scene</Filter>
    </ClCompile>
    <ClCompile Include="core\render\light.cpp">
      <Filter>04 scene</Filter>
    </ClCompile>
    <ClCompile Include="core\render\camera.cpp">
      <Filter>04 scene</Filter>
    </ClCompile>
    <ClCompile Include="core\input\input_engine.cpp">
      <Filter>05 input</Filter>
    </ClCompile>
    <ClCompile Include="core\render\camera_controller.cpp">
      <Filter>04 scene</Filter>
    </ClCompile>
    <ClCompile Include="core\render\element_format.cpp">
      <Filter>80 format</Filter>
    </ClCompile>
    <ClCompile Include="core\render\query.cpp">
      <Filter>81 util</Filter>
    </ClCompile>
    <ClCompile Include="core\render\post_process.cpp">
      <Filter>10 postprocess</Filter>
    </ClCompile>
    <ClCompile Include="core\base\resource_loader.cpp">
      <Filter>11 resource</Filter>
    </ClCompile>
    <ClCompile Include="core\render\texture.cpp">
      <Filter>06 textrue</Filter>
    </ClCompile>
    <ClCompile Include="core\render\shader_object.cpp">
      <Filter>07 shaderObject</Filter>
    </ClCompile>
    <ClCompile Include="core\render\compute_renderable.cpp">
      <Filter>02 render</Filter>
    </ClCompile>
    <ClCompile Include="core\render\ogl_util.cpp">
      <Filter>81 util</Filter>
    </ClCompile>
    <ClCompile Include="core\scene\vector_scene.cpp">
      <Filter>20 view</Filter>
    </ClCompile>
    <ClCompile Include="core\render\view_port.cpp">
      <Filter>20 view</Filter>
    </ClCompile>
    <ClCompile Include="core\render\mesh.cpp">
      <Filter>11 resource</Filter>
    </ClCompile>
    <ClCompile Include="core\render\uniform.cpp">
      <Filter>21 uniform</Filter>
    </ClCompile>
    <ClCompile Include="core\base\bbox.cpp">
      <Filter>88</Filter>
    </ClCompile>
    <ClCompile Include="core\base\color.inl">
      <Filter>88</Filter>
    </ClCompile>
    <ClCompile Include="core\base\half.cpp">
      <Filter>88</Filter>
    </ClCompile>
  </ItemGroup>
  <ItemGroup>
    <ClInclude Include="build\vc14\ridged_multi_fractal.h">
      <Filter>resource</Filter>
    </ClInclude>
    <ClInclude Include="core\util\array_2d.h">
      <Filter>01 base</Filter>
    </ClInclude>
    <ClInclude Include="core\util\array_ref.hpp">
      <Filter>01 base</Filter>
    </ClInclude>
    <ClInclude Include="core\render\render_effect.h">
      <Filter>02 render</Filter>
    </ClInclude>
    <ClInclude Include="core\render\render_engine.h">
      <Filter>02 render</Filter>
    </ClInclude>
    <ClInclude Include="core\render\render_layout.h">
      <Filter>02 render</Filter>
    </ClInclude>
    <ClInclude Include="core\render\render_state.h">
      <Filter>02 render</Filter>
    </ClInclude>
    <ClInclude Include="core\render\render_view.h">
      <Filter>02 render</Filter>
    </ClInclude>
    <ClInclude Include="core\render\renderable.h">
      <Filter>02 render</Filter>
    </ClInclude>
    <ClInclude Include="core\base\context.h">
      <Filter>99 frame</Filter>
    </ClInclude>
    <ClInclude Include="core\base\framework.h">
      <Filter>99 frame</Filter>
    </ClInclude>
    <ClInclude Include="core\render\mapping.h">
      <Filter>01 base</Filter>
    </ClInclude>
    <ClInclude Include="core\render\material.h">
      <Filter>01 base</Filter>
    </ClInclude>
    <ClInclude Include="core\base\math.h">
      <Filter>01 base</Filter>
    </ClInclude>
    <ClInclude Include="core\base\window.h">
      <Filter>99 frame</Filter>
    </ClInclude>
    <ClInclude Include="external\include\tinyXML\tinystr.h">
      <Filter>70 tingyxml</Filter>
    </ClInclude>
    <ClInclude Include="external\include\tinyXML\tinyxml.h">
      <Filter>70 tingyxml</Filter>
    </ClInclude>
    <ClInclude Include="core\render\graphics_buffer.h">
      <Filter>03 buffer</Filter>
    </ClInclude>
    <ClInclude Include="core\render\frame_buffer.h">
      <Filter>03 buffer</Filter>
    </ClInclude>
    <ClInclude Include="core\scene\scene_object.h">
      <Filter>04 scene</Filter>
    </ClInclude>
    <ClInclude Include="core\scene\scene_manager.h">
      <Filter>04 scene</Filter>
    </ClInclude>
    <ClInclude Include="core\render\light.h">
      <Filter>04 scene</Filter>
    </ClInclude>
    <ClInclude Include="core\render\camera.h">
      <Filter>04 scene</Filter>
    </ClInclude>
    <ClInclude Include="core\input\input_record.h">
      <Filter>05 input</Filter>
    </ClInclude>
    <ClInclude Include="core\input\input_engine.h">
      <Filter>05 input</Filter>
    </ClInclude>
    <ClInclude Include="core\render\camera_controller.h">
      <Filter>04 scene</Filter>
    </ClInclude>
    <ClInclude Include="core\render\element_format.h">
      <Filter>80 format</Filter>
    </ClInclude>
    <ClInclude Include="core\gleam.h">
      <Filter>00 gleam</Filter>
    </ClInclude>
    <ClInclude Include="core\render\query.h">
      <Filter>81 util</Filter>
    </ClInclude>
    <ClInclude Include="core\render\post_process.h">
      <Filter>10 postprocess</Filter>
    </ClInclude>
    <ClInclude Include="core\base\resource_loader.h">
      <Filter>11 resource</Filter>
    </ClInclude>
    <ClInclude Include="core\render\texture.h">
      <Filter>06 textrue</Filter>
    </ClInclude>
    <ClInclude Include="core\render\shader_object.h">
      <Filter>07 shaderObject</Filter>
    </ClInclude>
    <ClInclude Include="core\render\compute_renderable.h">
      <Filter>02 render</Filter>
    </ClInclude>
    <ClInclude Include="core\render\ogl_util.h">
      <Filter>81 util</Filter>
    </ClInclude>
    <ClInclude Include="core\render\view_port.h">
      <Filter>20 view</Filter>
    </ClInclude>
    <ClInclude Include="core\scene\vector_scene.h">
      <Filter>20 view</Filter>
    </ClInclude>
    <ClInclude Include="core\render\mesh.h">
      <Filter>11 resource</Filter>
    </ClInclude>
    <ClInclude Include="core\render\uniform.h">
      <Filter>21 uniform</Filter>
    </ClInclude>
    <ClInclude Include="core\util\timer.h">
      <Filter>88</Filter>
    </ClInclude>
    <ClInclude Include="core\base\bbox.h">
      <Filter>88</Filter>
    </ClInclude>
    <ClInclude Include="core\base\color.hpp">
      <Filter>88</Filter>
    </ClInclude>
    <ClInclude Include="core\base\half.h">
      <Filter>88</Filter>
    </ClInclude>
    <ClInclude Include="core\util\improved_noise.h">
      <Filter>88</Filter>
    </ClInclude>
    <ClInclude Include="core\util\noncopyable.hpp">
      <Filter>88</Filter>
    </ClInclude>
    <ClInclude Include="external\include\stb_image\stb_image.h">
      <Filter>06 textrue</Filter>
    </ClInclude>
    <ClInclude Include="core\util\hash.h">
      <Filter>81 util</Filter>
    </ClInclude>
  </ItemGroup>
  <ItemGroup>
    <Xml Include="resource\render\AA.xml">
      <Filter>resource</Filter>
    </Xml>
    <Xml Include="resource\render\AA_pp.xml">
      <Filter>resource</Filter>
    </Xml>
    <Xml Include="resource\render\base.xml">
      <Filter>resource</Filter>
    </Xml>
    <Xml Include="resource\render\base_pp.xml">
      <Filter>resource</Filter>
    </Xml>
    <Xml Include="resource\render\blur.xml">
      <Filter>resource</Filter>
    </Xml>
    <Xml Include="resource\render\HDR_pp.xml">
      <Filter>resource</Filter>
    </Xml>
    <Xml Include="resource\render\HDR_util.xml">
      <Filter>resource</Filter>
    </Xml>
    <Xml Include="resource\render\lighting.xml">
      <Filter>resource</Filter>
    </Xml>
    <Xml Include="resource\render\LightPolygon.xml">
      <Filter>resource</Filter>
    </Xml>
    <Xml Include="samples\14_instance\grass.xml">
      <Filter>resource</Filter>
    </Xml>
    <Xml Include="resource\render\downsize.xml">
      <Filter>resource</Filter>
    </Xml>
    <Xml Include="resource\render\renderable.xml">
      <Filter>resource</Filter>
    </Xml>
    <Xml Include="resource\render\shadow.xml">
      <Filter>resource</Filter>
    </Xml>
    <Xml Include="resource\render\skybox.xml">
      <Filter>resource</Filter>
    </Xml>
    <Xml Include="resource\render\tonemapping.xml">
      <Filter>resource</Filter>
    </Xml>
  </ItemGroup>
  <ItemGroup>
    <Filter Include="resource">
      <UniqueIdentifier>{b7908540-ad60-4d18-a65f-010c36ce31e8}</UniqueIdentifier>
    </Filter>
    <Filter Include="01 base">
      <UniqueIdentifier>{ce4238a7-f500-4d25-ac41-c65388674626}</UniqueIdentifier>
    </Filter>
    <Filter Include="99 frame">
      <UniqueIdentifier>{11751a24-816f-4f41-be9d-067d52c2b7d4}</UniqueIdentifier>
    </Filter>
    <Filter Include="02 render">
      <UniqueIdentifier>{a006b837-3445-4035-84f1-72542457555a}</UniqueIdentifier>
    </Filter>
    <Filter Include="03 buffer">
      <UniqueIdentifier>{1918ea22-c079-407e-8533-5ada16002b82}</UniqueIdentifier>
    </Filter>
    <Filter Include="70 tingyxml">
      <UniqueIdentifier>{ea8268a9-b139-4ef9-8f02-c2c7604547aa}</UniqueIdentifier>
    </Filter>
    <Filter Include="04 scene">
      <UniqueIdentifier>{55010fa5-136e-4843-9f74-ba545325873f}</UniqueIdentifier>
    </Filter>
    <Filter Include="05 input">
      <UniqueIdentifier>{fdab4332-e998-46c0-ad29-41b4f7a1d994}</UniqueIdentifier>
    </Filter>
    <Filter Include="81 util">
      <UniqueIdentifier>{a11fde91-ecb9-4318-9789-70c206d7c82c}</UniqueIdentifier>
    </Filter>
    <Filter Include="00 gleam">
      <UniqueIdentifier>{4a912c3b-e43b-4b2e-b90a-99912c9824f2}</UniqueIdentifier>
    </Filter>
    <Filter Include="10 postprocess">
      <UniqueIdentifier>{5b01942d-ce8c-4316-8925-4917ea262cae}</UniqueIdentifier>
    </Filter>
    <Filter Include="80 format">
      <UniqueIdentifier>{4c123d7f-c5e2-4776-84de-a5df366bccac}</UniqueIdentifier>
    </Filter>
    <Filter Include="11 resource">
      <UniqueIdentifier>{c355ca66-f548-4b2f-8e59-efe0642de924}</UniqueIdentifier>
    </Filter>
    <Filter Include="06 textrue">
      <UniqueIdentifier>{0dd0bd87-0cbf-44e7-9555-6f602b281e3e}</UniqueIdentifier>
    </Filter>
    <Filter Include="07 shaderObject">
      <UniqueIdentifier>{f0982888-f0f1-40e6-82e1-0fb393f26b2c}</UniqueIdentifier>
    </Filter>
    <Filter Include="20 view">
      <UniqueIdentifier>{bf2fff73-2c8e-4877-adef-c8f63edf375e}</UniqueIdentifier>
    </Filter>
    <Filter Include="21 uniform">
      <UniqueIdentifier>{c34dcb99-6ce6-4b19-8759-539b8863f411}</UniqueIdentifier>
    </Filter>
    <Filter Include="88">
      <UniqueIdentifier>{67d267ef-97f1-4668-80c8-669631005135}</UniqueIdentifier>
    </Filter>
  </ItemGroup>
  <ItemGroup>
    <None Include="resource\render\11.cpp">
      <Filter>resource</Filter>
    </None>
  </ItemGroup>
</Project>